
Microsoft Visual Studio Solution File, Format Version 12.00
# Visual Studio Version 17
VisualStudioVersion = 17.3.32929.385
MinimumVisualStudioVersion = 10.0.40219.1
Project("{FAE04EC0-301F-11D3-BF4B-00C04F79EFBC}") = "05.03.24-Encapsulation", "05.03.24-Encapsulation\05.03.24-Encapsulation.csproj", "{103B8620-80A9-4651-84FC-0C3904B5D582}"
EndProject
Global
	GlobalSection(SolutionConfigurationPlatforms) = preSolution
		Debug|Any CPU = Debug|Any CPU
		Release|Any CPU = Release|Any CPU
	EndGlobalSection
	GlobalSection(ProjectConfigurationPlatforms) = postSolution
		{103B8620-80A9-4651-84FC-0C3904B5D582}.Debug|Any CPU.ActiveCfg = Debug|Any CPU
		{103B8620-80A9-4651-84FC-0C3904B5D582}.Debug|Any CPU.Build.0 = Debug|Any CPU
		{103B8620-80A9-4651-84FC-0C3904B5D582}.Release|Any CPU.ActiveCfg = Release|Any CPU
		{103B8620-80A9-4651-84FC-0C3904B5D582}.Release|Any CPU.Build.0 = Release|Any CPU
	EndGlobalSection
	GlobalSection(SolutionProperties) = preSolution
		HideSolutionNode = FALSE
	EndGlobalSection
	GlobalSection(ExtensibilityGlobals) = postSolution
		SolutionGuid = {4D00570F-DE79-4A6B-A2FC-3ED126B9CD0C}
	EndGlobalSection
EndGlobal
